// !$*UTF8*$!
{
	archiveVersion = 1;
	classes = {
	};
	objectVersion = 51;
	objects = {

/* Begin PBXBuildFile section */
		4FDDB1F4700BECBF09A1989D /* Pods_CanMonkey.framework in Frameworks */ = {isa = PBXBuildFile; fileRef = D16CD83B126ACE26BC14A7EE /* Pods_CanMonkey.framework */; };
		F67BE8F7259E82A400B36D6A /* CanCleaning.swift in Sources */ = {isa = PBXBuildFile; fileRef = F67BE8F6259E82A400B36D6A /* CanCleaning.swift */; };
		F67BE8FD259E831800B36D6A /* OneWeekOnDemandScreen.swift in Sources */ = {isa = PBXBuildFile; fileRef = F67BE8FC259E831800B36D6A /* OneWeekOnDemandScreen.swift */; };
		F67BE901259E832500B36D6A /* TwoWeekOnDemandScreen.swift in Sources */ = {isa = PBXBuildFile; fileRef = F67BE900259E832500B36D6A /* TwoWeekOnDemandScreen.swift */; };
		F6FEF99B259E46D5008A8E07 /* AppDelegate.swift in Sources */ = {isa = PBXBuildFile; fileRef = F6FEF99A259E46D5008A8E07 /* AppDelegate.swift */; };
		F6FEF99D259E46D5008A8E07 /* SceneDelegate.swift in Sources */ = {isa = PBXBuildFile; fileRef = F6FEF99C259E46D5008A8E07 /* SceneDelegate.swift */; };
		F6FEF99F259E46D5008A8E07 /* ContentView.swift in Sources */ = {isa = PBXBuildFile; fileRef = F6FEF99E259E46D5008A8E07 /* ContentView.swift */; };
		F6FEF9A2259E46D5008A8E07 /* CanMonkey.xcdatamodeld in Sources */ = {isa = PBXBuildFile; fileRef = F6FEF9A0259E46D5008A8E07 /* CanMonkey.xcdatamodeld */; };
		F6FEF9A4259E46D8008A8E07 /* Assets.xcassets in Resources */ = {isa = PBXBuildFile; fileRef = F6FEF9A3259E46D8008A8E07 /* Assets.xcassets */; };
		F6FEF9A7259E46D8008A8E07 /* Preview Assets.xcassets in Resources */ = {isa = PBXBuildFile; fileRef = F6FEF9A6259E46D8008A8E07 /* Preview Assets.xcassets */; };
		F6FEF9AA259E46D8008A8E07 /* LaunchScreen.storyboard in Resources */ = {isa = PBXBuildFile; fileRef = F6FEF9A8259E46D8008A8E07 /* LaunchScreen.storyboard */; };
		F6FEF9B5259E473B008A8E07 /* LoginScreen.swift in Sources */ = {isa = PBXBuildFile; fileRef = F6FEF9B4259E473B008A8E07 /* LoginScreen.swift */; };
		F6FEF9B9259E4748008A8E07 /* CreateAccountScreen.swift in Sources */ = {isa = PBXBuildFile; fileRef = F6FEF9B8259E4748008A8E07 /* CreateAccountScreen.swift */; };
		F6FEF9BC259E477D008A8E07 /* PropertyInfoScreen.swift in Sources */ = {isa = PBXBuildFile; fileRef = F6FEF9BB259E477D008A8E07 /* PropertyInfoScreen.swift */; };
		F6FEF9BF259E478C008A8E07 /* HomeScreen.swift in Sources */ = {isa = PBXBuildFile; fileRef = F6FEF9BE259E478C008A8E07 /* HomeScreen.swift */; };
		F6FEF9C2259E47C8008A8E07 /* SubscriptionScreen.swift in Sources */ = {isa = PBXBuildFile; fileRef = F6FEF9C1259E47C8008A8E07 /* SubscriptionScreen.swift */; };
		F6FEF9C6259E47D8008A8E07 /* OnDemandScreen.swift in Sources */ = {isa = PBXBuildFile; fileRef = F6FEF9C5259E47D8008A8E07 /* OnDemandScreen.swift */; };
		F6FEF9C9259E47EA008A8E07 /* PaymentInfoScreen.swift in Sources */ = {isa = PBXBuildFile; fileRef = F6FEF9C8259E47EA008A8E07 /* PaymentInfoScreen.swift */; };
		F6FEF9CC259E4801008A8E07 /* MyAccountScreen.swift in Sources */ = {isa = PBXBuildFile; fileRef = F6FEF9CB259E4801008A8E07 /* MyAccountScreen.swift */; };
		F6FEF9F9259E72DC008A8E07 /* HomeNavScreen.swift in Sources */ = {isa = PBXBuildFile; fileRef = F6FEF9F8259E72DC008A8E07 /* HomeNavScreen.swift */; };
		F6FEF9FC259E78F7008A8E07 /* LoginScreenNav.swift in Sources */ = {isa = PBXBuildFile; fileRef = F6FEF9FB259E78F7008A8E07 /* LoginScreenNav.swift */; };
		F6FEF9FF259E7976008A8E07 /* NewSubScreen.swift in Sources */ = {isa = PBXBuildFile; fileRef = F6FEF9FE259E7976008A8E07 /* NewSubScreen.swift */; };
		F6FEFA02259E798B008A8E07 /* ExistingSubScreen.swift in Sources */ = {isa = PBXBuildFile; fileRef = F6FEFA01259E798B008A8E07 /* ExistingSubScreen.swift */; };
/* End PBXBuildFile section */

/* Begin PBXFileReference section */
		17D8670E079FFD601404323C /* Pods-CanMonkey.debug.xcconfig */ = {isa = PBXFileReference; includeInIndex = 1; lastKnownFileType = text.xcconfig; name = "Pods-CanMonkey.debug.xcconfig"; path = "Target Support Files/Pods-CanMonkey/Pods-CanMonkey.debug.xcconfig"; sourceTree = "<group>"; };
		D16CD83B126ACE26BC14A7EE /* Pods_CanMonkey.framework */ = {isa = PBXFileReference; explicitFileType = wrapper.framework; includeInIndex = 0; path = Pods_CanMonkey.framework; sourceTree = BUILT_PRODUCTS_DIR; };
		DD94756FDA9CAE0AAD166050 /* Pods-CanMonkey.release.xcconfig */ = {isa = PBXFileReference; includeInIndex = 1; lastKnownFileType = text.xcconfig; name = "Pods-CanMonkey.release.xcconfig"; path = "Target Support Files/Pods-CanMonkey/Pods-CanMonkey.release.xcconfig"; sourceTree = "<group>"; };
		F67BE8F6259E82A400B36D6A /* CanCleaning.swift */ = {isa = PBXFileReference; lastKnownFileType = sourcecode.swift; path = CanCleaning.swift; sourceTree = "<group>"; };
		F67BE8FC259E831800B36D6A /* OneWeekOnDemandScreen.swift */ = {isa = PBXFileReference; lastKnownFileType = sourcecode.swift; path = OneWeekOnDemandScreen.swift; sourceTree = "<group>"; };
		F67BE900259E832500B36D6A /* TwoWeekOnDemandScreen.swift */ = {isa = PBXFileReference; lastKnownFileType = sourcecode.swift; path = TwoWeekOnDemandScreen.swift; sourceTree = "<group>"; };
		F6FEF997259E46D5008A8E07 /* CanMonkey.app */ = {isa = PBXFileReference; explicitFileType = wrapper.application; includeInIndex = 0; path = CanMonkey.app; sourceTree = BUILT_PRODUCTS_DIR; };
		F6FEF99A259E46D5008A8E07 /* AppDelegate.swift */ = {isa = PBXFileReference; lastKnownFileType = sourcecode.swift; path = AppDelegate.swift; sourceTree = "<group>"; };
		F6FEF99C259E46D5008A8E07 /* SceneDelegate.swift */ = {isa = PBXFileReference; lastKnownFileType = sourcecode.swift; path = SceneDelegate.swift; sourceTree = "<group>"; };
		F6FEF99E259E46D5008A8E07 /* ContentView.swift */ = {isa = PBXFileReference; lastKnownFileType = sourcecode.swift; path = ContentView.swift; sourceTree = "<group>"; };
		F6FEF9A1259E46D5008A8E07 /* CanMonkey.xcdatamodel */ = {isa = PBXFileReference; lastKnownFileType = wrapper.xcdatamodel; path = CanMonkey.xcdatamodel; sourceTree = "<group>"; };
		F6FEF9A3259E46D8008A8E07 /* Assets.xcassets */ = {isa = PBXFileReference; lastKnownFileType = folder.assetcatalog; path = Assets.xcassets; sourceTree = "<group>"; };
		F6FEF9A6259E46D8008A8E07 /* Preview Assets.xcassets */ = {isa = PBXFileReference; lastKnownFileType = folder.assetcatalog; path = "Preview Assets.xcassets"; sourceTree = "<group>"; };
		F6FEF9A9259E46D8008A8E07 /* Base */ = {isa = PBXFileReference; lastKnownFileType = file.storyboard; name = Base; path = Base.lproj/LaunchScreen.storyboard; sourceTree = "<group>"; };
		F6FEF9AB259E46D8008A8E07 /* Info.plist */ = {isa = PBXFileReference; lastKnownFileType = text.plist.xml; path = Info.plist; sourceTree = "<group>"; };
		F6FEF9B4259E473B008A8E07 /* LoginScreen.swift */ = {isa = PBXFileReference; lastKnownFileType = sourcecode.swift; path = LoginScreen.swift; sourceTree = "<group>"; };
		F6FEF9B8259E4748008A8E07 /* CreateAccountScreen.swift */ = {isa = PBXFileReference; lastKnownFileType = sourcecode.swift; path = CreateAccountScreen.swift; sourceTree = "<group>"; };
		F6FEF9BB259E477D008A8E07 /* PropertyInfoScreen.swift */ = {isa = PBXFileReference; lastKnownFileType = sourcecode.swift; path = PropertyInfoScreen.swift; sourceTree = "<group>"; };
		F6FEF9BE259E478C008A8E07 /* HomeScreen.swift */ = {isa = PBXFileReference; lastKnownFileType = sourcecode.swift; path = HomeScreen.swift; sourceTree = "<group>"; };
		F6FEF9C1259E47C8008A8E07 /* SubscriptionScreen.swift */ = {isa = PBXFileReference; lastKnownFileType = sourcecode.swift; path = SubscriptionScreen.swift; sourceTree = "<group>"; };
		F6FEF9C5259E47D8008A8E07 /* OnDemandScreen.swift */ = {isa = PBXFileReference; lastKnownFileType = sourcecode.swift; path = OnDemandScreen.swift; sourceTree = "<group>"; };
		F6FEF9C8259E47EA008A8E07 /* PaymentInfoScreen.swift */ = {isa = PBXFileReference; lastKnownFileType = sourcecode.swift; path = PaymentInfoScreen.swift; sourceTree = "<group>"; };
		F6FEF9CB259E4801008A8E07 /* MyAccountScreen.swift */ = {isa = PBXFileReference; lastKnownFileType = sourcecode.swift; path = MyAccountScreen.swift; sourceTree = "<group>"; };
		F6FEF9F8259E72DC008A8E07 /* HomeNavScreen.swift */ = {isa = PBXFileReference; lastKnownFileType = sourcecode.swift; path = HomeNavScreen.swift; sourceTree = "<group>"; };
		F6FEF9FB259E78F7008A8E07 /* LoginScreenNav.swift */ = {isa = PBXFileReference; lastKnownFileType = sourcecode.swift; path = LoginScreenNav.swift; sourceTree = "<group>"; };
		F6FEF9FE259E7976008A8E07 /* NewSubScreen.swift */ = {isa = PBXFileReference; lastKnownFileType = sourcecode.swift; path = NewSubScreen.swift; sourceTree = "<group>"; };
		F6FEFA01259E798B008A8E07 /* ExistingSubScreen.swift */ = {isa = PBXFileReference; lastKnownFileType = sourcecode.swift; path = ExistingSubScreen.swift; sourceTree = "<group>"; };
/* End PBXFileReference section */

/* Begin PBXFrameworksBuildPhase section */
		F6FEF994259E46D5008A8E07 /* Frameworks */ = {
			isa = PBXFrameworksBuildPhase;
			buildActionMask = 2147483647;
			files = (
				4FDDB1F4700BECBF09A1989D /* Pods_CanMonkey.framework in Frameworks */,
			);
			runOnlyForDeploymentPostprocessing = 0;
		};
/* End PBXFrameworksBuildPhase section */

/* Begin PBXGroup section */
		2DC6C495D7F2EFAD351D76A5 /* Pods */ = {
			isa = PBXGroup;
			children = (
				17D8670E079FFD601404323C /* Pods-CanMonkey.debug.xcconfig */,
				DD94756FDA9CAE0AAD166050 /* Pods-CanMonkey.release.xcconfig */,
			);
			path = Pods;
			sourceTree = "<group>";
		};
		7F1A7A289F668D7A036A7149 /* Frameworks */ = {
			isa = PBXGroup;
			children = (
				D16CD83B126ACE26BC14A7EE /* Pods_CanMonkey.framework */,
			);
			name = Frameworks;
			sourceTree = "<group>";
		};
		F67BE8FA259E82E200B36D6A /* Subscription */ = {
			isa = PBXGroup;
			children = (
				F6FEF9FE259E7976008A8E07 /* NewSubScreen.swift */,
				F6FEF9C1259E47C8008A8E07 /* SubscriptionScreen.swift */,
				F6FEFA01259E798B008A8E07 /* ExistingSubScreen.swift */,
			);
			path = Subscription;
			sourceTree = "<group>";
		};
		F67BE8FB259E82EE00B36D6A /* OnDemand */ = {
			isa = PBXGroup;
			children = (
				F67BE8F6259E82A400B36D6A /* CanCleaning.swift */,
				F6FEF9C5259E47D8008A8E07 /* OnDemandScreen.swift */,
				F67BE8FC259E831800B36D6A /* OneWeekOnDemandScreen.swift */,
				F67BE900259E832500B36D6A /* TwoWeekOnDemandScreen.swift */,
			);
			path = OnDemand;
			sourceTree = "<group>";
		};
		F6FEF98E259E46D5008A8E07 = {
			isa = PBXGroup;
			children = (
				F6FEF999259E46D5008A8E07 /* CanMonkey */,
				F6FEF998259E46D5008A8E07 /* Products */,
				2DC6C495D7F2EFAD351D76A5 /* Pods */,
				7F1A7A289F668D7A036A7149 /* Frameworks */,
			);
			sourceTree = "<group>";
		};
		F6FEF998259E46D5008A8E07 /* Products */ = {
			isa = PBXGroup;
			children = (
				F6FEF997259E46D5008A8E07 /* CanMonkey.app */,
			);
			name = Products;
			sourceTree = "<group>";
		};
		F6FEF999259E46D5008A8E07 /* CanMonkey */ = {
			isa = PBXGroup;
			children = (
				F6FEF9F2259E67B5008A8E07 /* Components */,
				F6FEF9B2259E4722008A8E07 /* Screens */,
				F6FEF9A3259E46D8008A8E07 /* Assets.xcassets */,
				F6FEF99A259E46D5008A8E07 /* AppDelegate.swift */,
				F6FEF99C259E46D5008A8E07 /* SceneDelegate.swift */,
				F6FEF99E259E46D5008A8E07 /* ContentView.swift */,
				F6FEF9A8259E46D8008A8E07 /* LaunchScreen.storyboard */,
				F6FEF9AB259E46D8008A8E07 /* Info.plist */,
				F6FEF9A0259E46D5008A8E07 /* CanMonkey.xcdatamodeld */,
				F6FEF9A5259E46D8008A8E07 /* Preview Content */,
			);
			path = CanMonkey;
			sourceTree = "<group>";
		};
		F6FEF9A5259E46D8008A8E07 /* Preview Content */ = {
			isa = PBXGroup;
			children = (
				F6FEF9A6259E46D8008A8E07 /* Preview Assets.xcassets */,
			);
			path = "Preview Content";
			sourceTree = "<group>";
		};
		F6FEF9B2259E4722008A8E07 /* Screens */ = {
			isa = PBXGroup;
			children = (
				F67BE8FB259E82EE00B36D6A /* OnDemand */,
				F67BE8FA259E82E200B36D6A /* Subscription */,
				F6FEF9B3259E472B008A8E07 /* Auth */,
				F6FEF9BE259E478C008A8E07 /* HomeScreen.swift */,
				F6FEF9C8259E47EA008A8E07 /* PaymentInfoScreen.swift */,
				F6FEF9CB259E4801008A8E07 /* MyAccountScreen.swift */,
				F6FEF9F8259E72DC008A8E07 /* HomeNavScreen.swift */,
				F6FEF9FB259E78F7008A8E07 /* LoginScreenNav.swift */,
			);
			path = Screens;
			sourceTree = "<group>";
		};
		F6FEF9B3259E472B008A8E07 /* Auth */ = {
			isa = PBXGroup;
			children = (
				F6FEF9B4259E473B008A8E07 /* LoginScreen.swift */,
				F6FEF9B8259E4748008A8E07 /* CreateAccountScreen.swift */,
				F6FEF9BB259E477D008A8E07 /* PropertyInfoScreen.swift */,
			);
			path = Auth;
			sourceTree = "<group>";
		};
		F6FEF9F2259E67B5008A8E07 /* Components */ = {
			isa = PBXGroup;
			children = (
			);
			path = Components;
			sourceTree = "<group>";
		};
/* End PBXGroup section */

/* Begin PBXNativeTarget section */
		F6FEF996259E46D5008A8E07 /* CanMonkey */ = {
			isa = PBXNativeTarget;
			buildConfigurationList = F6FEF9AE259E46D8008A8E07 /* Build configuration list for PBXNativeTarget "CanMonkey" */;
			buildPhases = (
				6E167CDCEB9630964BB18AE9 /* [CP] Check Pods Manifest.lock */,
				F6FEF993259E46D5008A8E07 /* Sources */,
				F6FEF994259E46D5008A8E07 /* Frameworks */,
				F6FEF995259E46D5008A8E07 /* Resources */,
				4EFF4712A8408FA05368619F /* [CP] Embed Pods Frameworks */,
			);
			buildRules = (
			);
			dependencies = (
			);
			name = CanMonkey;
			productName = CanMonkey;
			productReference = F6FEF997259E46D5008A8E07 /* CanMonkey.app */;
			productType = "com.apple.product-type.application";
		};
/* End PBXNativeTarget section */

/* Begin PBXProject section */
		F6FEF98F259E46D5008A8E07 /* Project object */ = {
			isa = PBXProject;
			attributes = {
				LastSwiftUpdateCheck = 1230;
				LastUpgradeCheck = 1230;
				TargetAttributes = {
					F6FEF996259E46D5008A8E07 = {
						CreatedOnToolsVersion = 12.3;
					};
				};
			};
			buildConfigurationList = F6FEF992259E46D5008A8E07 /* Build configuration list for PBXProject "CanMonkey" */;
			compatibilityVersion = "Xcode 9.3";
			developmentRegion = en;
			hasScannedForEncodings = 0;
			knownRegions = (
				en,
				Base,
			);
			mainGroup = F6FEF98E259E46D5008A8E07;
			productRefGroup = F6FEF998259E46D5008A8E07 /* Products */;
			projectDirPath = "";
			projectRoot = "";
			targets = (
				F6FEF996259E46D5008A8E07 /* CanMonkey */,
			);
		};
/* End PBXProject section */

/* Begin PBXResourcesBuildPhase section */
		F6FEF995259E46D5008A8E07 /* Resources */ = {
			isa = PBXResourcesBuildPhase;
			buildActionMask = 2147483647;
			files = (
				F6FEF9AA259E46D8008A8E07 /* LaunchScreen.storyboard in Resources */,
				F6FEF9A7259E46D8008A8E07 /* Preview Assets.xcassets in Resources */,
				F6FEF9A4259E46D8008A8E07 /* Assets.xcassets in Resources */,
			);
			runOnlyForDeploymentPostprocessing = 0;
		};
/* End PBXResourcesBuildPhase section */

/* Begin PBXShellScriptBuildPhase section */
		4EFF4712A8408FA05368619F /* [CP] Embed Pods Frameworks */ = {
			isa = PBXShellScriptBuildPhase;
			buildActionMask = 2147483647;
			files = (
			);
			inputFileListPaths = (
				"${PODS_ROOT}/Target Support Files/Pods-CanMonkey/Pods-CanMonkey-frameworks-${CONFIGURATION}-input-files.xcfilelist",
			);
			name = "[CP] Embed Pods Frameworks";
			outputFileListPaths = (
				"${PODS_ROOT}/Target Support Files/Pods-CanMonkey/Pods-CanMonkey-frameworks-${CONFIGURATION}-output-files.xcfilelist",
			);
			runOnlyForDeploymentPostprocessing = 0;
			shellPath = /bin/sh;
			shellScript = "\"${PODS_ROOT}/Target Support Files/Pods-CanMonkey/Pods-CanMonkey-frameworks.sh\"\n";
			showEnvVarsInLog = 0;
		};
		6E167CDCEB9630964BB18AE9 /* [CP] Check Pods Manifest.lock */ = {
			isa = PBXShellScriptBuildPhase;
			buildActionMask = 2147483647;
			files = (
			);
			inputFileListPaths = (
			);
			inputPaths = (
				"${PODS_PODFILE_DIR_PATH}/Podfile.lock",
				"${PODS_ROOT}/Manifest.lock",
			);
			name = "[CP] Check Pods Manifest.lock";
			outputFileListPaths = (
			);
			outputPaths = (
				"$(DERIVED_FILE_DIR)/Pods-CanMonkey-checkManifestLockResult.txt",
			);
			runOnlyForDeploymentPostprocessing = 0;
			shellPath = /bin/sh;
			shellScript = "diff \"${PODS_PODFILE_DIR_PATH}/Podfile.lock\" \"${PODS_ROOT}/Manifest.lock\" > /dev/null\nif [ $? != 0 ] ; then\n    # print error to STDERR\n    echo \"error: The sandbox is not in sync with the Podfile.lock. Run 'pod install' or update your CocoaPods installation.\" >&2\n    exit 1\nfi\n# This output is used by Xcode 'outputs' to avoid re-running this script phase.\necho \"SUCCESS\" > \"${SCRIPT_OUTPUT_FILE_0}\"\n";
			showEnvVarsInLog = 0;
		};
/* End PBXShellScriptBuildPhase section */

/* Begin PBXSourcesBuildPhase section */
		F6FEF993259E46D5008A8E07 /* Sources */ = {
			isa = PBXSourcesBuildPhase;
			buildActionMask = 2147483647;
			files = (
				F67BE8FD259E831800B36D6A /* OneWeekOnDemandScreen.swift in Sources */,
				F67BE8F7259E82A400B36D6A /* CanCleaning.swift in Sources */,
				F6FEF99B259E46D5008A8E07 /* AppDelegate.swift in Sources */,
				F6FEF9FC259E78F7008A8E07 /* LoginScreenNav.swift in Sources */,
				F6FEF9C2259E47C8008A8E07 /* SubscriptionScreen.swift in Sources */,
				F6FEF9B9259E4748008A8E07 /* CreateAccountScreen.swift in Sources */,
				F6FEF99D259E46D5008A8E07 /* SceneDelegate.swift in Sources */,
				F6FEF99F259E46D5008A8E07 /* ContentView.swift in Sources */,
				F6FEF9BF259E478C008A8E07 /* HomeScreen.swift in Sources */,
				F6FEFA02259E798B008A8E07 /* ExistingSubScreen.swift in Sources */,
				F67BE901259E832500B36D6A /* TwoWeekOnDemandScreen.swift in Sources */,
				F6FEF9FF259E7976008A8E07 /* NewSubScreen.swift in Sources */,
				F6FEF9C9259E47EA008A8E07 /* PaymentInfoScreen.swift in Sources */,
				F6FEF9CC259E4801008A8E07 /* MyAccountScreen.swift in Sources */,
				F6FEF9F9259E72DC008A8E07 /* HomeNavScreen.swift in Sources */,
				F6FEF9BC259E477D008A8E07 /* PropertyInfoScreen.swift in Sources */,
				F6FEF9C6259E47D8008A8E07 /* OnDemandScreen.swift in Sources */,
				F6FEF9A2259E46D5008A8E07 /* CanMonkey.xcdatamodeld in Sources */,
				F6FEF9B5259E473B008A8E07 /* LoginScreen.swift in Sources */,
			);
			runOnlyForDeploymentPostprocessing = 0;
		};
/* End PBXSourcesBuildPhase section */

/* Begin PBXVariantGroup section */
		F6FEF9A8259E46D8008A8E07 /* LaunchScreen.storyboard */ = {
			isa = PBXVariantGroup;
			children = (
				F6FEF9A9259E46D8008A8E07 /* Base */,
			);
			name = LaunchScreen.storyboard;
			sourceTree = "<group>";
		};
/* End PBXVariantGroup section */

/* Begin XCBuildConfiguration section */
		F6FEF9AC259E46D8008A8E07 /* Debug */ = {
			isa = XCBuildConfiguration;
			buildSettings = {
				ALWAYS_SEARCH_USER_PATHS = NO;
				CLANG_ANALYZER_NONNULL = YES;
				CLANG_ANALYZER_NUMBER_OBJECT_CONVERSION = YES_AGGRESSIVE;
				CLANG_CXX_LANGUAGE_STANDARD = "gnu++14";
				CLANG_CXX_LIBRARY = "libc++";
				CLANG_ENABLE_MODULES = YES;
				CLANG_ENABLE_OBJC_ARC = YES;
				CLANG_ENABLE_OBJC_WEAK = YES;
				CLANG_WARN_BLOCK_CAPTURE_AUTORELEASING = YES;
				CLANG_WARN_BOOL_CONVERSION = YES;
				CLANG_WARN_COMMA = YES;
				CLANG_WARN_CONSTANT_CONVERSION = YES;
				CLANG_WARN_DEPRECATED_OBJC_IMPLEMENTATIONS = YES;
				CLANG_WARN_DIRECT_OBJC_ISA_USAGE = YES_ERROR;
				CLANG_WARN_DOCUMENTATION_COMMENTS = YES;
				CLANG_WARN_EMPTY_BODY = YES;
				CLANG_WARN_ENUM_CONVERSION = YES;
				CLANG_WARN_INFINITE_RECURSION = YES;
				CLANG_WARN_INT_CONVERSION = YES;
				CLANG_WARN_NON_LITERAL_NULL_CONVERSION = YES;
				CLANG_WARN_OBJC_IMPLICIT_RETAIN_SELF = YES;
				CLANG_WARN_OBJC_LITERAL_CONVERSION = YES;
				CLANG_WARN_OBJC_ROOT_CLASS = YES_ERROR;
				CLANG_WARN_QUOTED_INCLUDE_IN_FRAMEWORK_HEADER = NO;
				CLANG_WARN_RANGE_LOOP_ANALYSIS = YES;
				CLANG_WARN_STRICT_PROTOTYPES = YES;
				CLANG_WARN_SUSPICIOUS_MOVE = YES;
				CLANG_WARN_UNGUARDED_AVAILABILITY = YES_AGGRESSIVE;
				CLANG_WARN_UNREACHABLE_CODE = YES;
				CLANG_WARN__DUPLICATE_METHOD_MATCH = YES;
				COPY_PHASE_STRIP = NO;
				DEBUG_INFORMATION_FORMAT = dwarf;
				ENABLE_STRICT_OBJC_MSGSEND = YES;
				ENABLE_TESTABILITY = YES;
				GCC_C_LANGUAGE_STANDARD = gnu11;
				GCC_DYNAMIC_NO_PIC = NO;
				GCC_NO_COMMON_BLOCKS = YES;
				GCC_OPTIMIZATION_LEVEL = 0;
				GCC_PREPROCESSOR_DEFINITIONS = (
					"DEBUG=1",
					"$(inherited)",
				);
				GCC_WARN_64_TO_32_BIT_CONVERSION = YES;
				GCC_WARN_ABOUT_RETURN_TYPE = YES_ERROR;
				GCC_WARN_UNDECLARED_SELECTOR = YES;
				GCC_WARN_UNINITIALIZED_AUTOS = YES_AGGRESSIVE;
				GCC_WARN_UNUSED_FUNCTION = YES;
				GCC_WARN_UNUSED_VARIABLE = YES;
				IPHONEOS_DEPLOYMENT_TARGET = 14.3;
				MTL_ENABLE_DEBUG_INFO = INCLUDE_SOURCE;
				MTL_FAST_MATH = YES;
				ONLY_ACTIVE_ARCH = YES;
				SDKROOT = iphoneos;
				SWIFT_ACTIVE_COMPILATION_CONDITIONS = DEBUG;
				SWIFT_OPTIMIZATION_LEVEL = "-Onone";
			};
			name = Debug;
		};
		F6FEF9AD259E46D8008A8E07 /* Release */ = {
			isa = XCBuildConfiguration;
			buildSettings = {
				ALWAYS_SEARCH_USER_PATHS = NO;
				CLANG_ANALYZER_NONNULL = YES;
				CLANG_ANALYZER_NUMBER_OBJECT_CONVERSION = YES_AGGRESSIVE;
				CLANG_CXX_LANGUAGE_STANDARD = "gnu++14";
				CLANG_CXX_LIBRARY = "libc++";
				CLANG_ENABLE_MODULES = YES;
				CLANG_ENABLE_OBJC_ARC = YES;
				CLANG_ENABLE_OBJC_WEAK = YES;
				CLANG_WARN_BLOCK_CAPTURE_AUTORELEASING = YES;
				CLANG_WARN_BOOL_CONVERSION = YES;
				CLANG_WARN_COMMA = YES;
				CLANG_WARN_CONSTANT_CONVERSION = YES;
				CLANG_WARN_DEPRECATED_OBJC_IMPLEMENTATIONS = YES;
				CLANG_WARN_DIRECT_OBJC_ISA_USAGE = YES_ERROR;
				CLANG_WARN_DOCUMENTATION_COMMENTS = YES;
				CLANG_WARN_EMPTY_BODY = YES;
				CLANG_WARN_ENUM_CONVERSION = YES;
				CLANG_WARN_INFINITE_RECURSION = YES;
				CLANG_WARN_INT_CONVERSION = YES;
				CLANG_WARN_NON_LITERAL_NULL_CONVERSION = YES;
				CLANG_WARN_OBJC_IMPLICIT_RETAIN_SELF = YES;
				CLANG_WARN_OBJC_LITERAL_CONVERSION = YES;
				CLANG_WARN_OBJC_ROOT_CLASS = YES_ERROR;
				CLANG_WARN_QUOTED_INCLUDE_IN_FRAMEWORK_HEADER = NO;
				CLANG_WARN_RANGE_LOOP_ANALYSIS = YES;
				CLANG_WARN_STRICT_PROTOTYPES = YES;
				CLANG_WARN_SUSPICIOUS_MOVE = YES;
				CLANG_WARN_UNGUARDED_AVAILABILITY = YES_AGGRESSIVE;
				CLANG_WARN_UNREACHABLE_CODE = YES;
				CLANG_WARN__DUPLICATE_METHOD_MATCH = YES;
				COPY_PHASE_STRIP = NO;
				DEBUG_INFORMATION_FORMAT = "dwarf-with-dsym";
				ENABLE_NS_ASSERTIONS = NO;
				ENABLE_STRICT_OBJC_MSGSEND = YES;
				GCC_C_LANGUAGE_STANDARD = gnu11;
				GCC_NO_COMMON_BLOCKS = YES;
				GCC_WARN_64_TO_32_BIT_CONVERSION = YES;
				GCC_WARN_ABOUT_RETURN_TYPE = YES_ERROR;
				GCC_WARN_UNDECLARED_SELECTOR = YES;
				GCC_WARN_UNINITIALIZED_AUTOS = YES_AGGRESSIVE;
				GCC_WARN_UNUSED_FUNCTION = YES;
				GCC_WARN_UNUSED_VARIABLE = YES;
				IPHONEOS_DEPLOYMENT_TARGET = 14.3;
				MTL_ENABLE_DEBUG_INFO = NO;
				MTL_FAST_MATH = YES;
				SDKROOT = iphoneos;
				SWIFT_COMPILATION_MODE = wholemodule;
				SWIFT_OPTIMIZATION_LEVEL = "-O";
				VALIDATE_PRODUCT = YES;
			};
			name = Release;
		};
		F6FEF9AF259E46D8008A8E07 /* Debug */ = {
			isa = XCBuildConfiguration;
			baseConfigurationReference = 17D8670E079FFD601404323C /* Pods-CanMonkey.debug.xcconfig */;
			buildSettings = {
				ASSETCATALOG_COMPILER_APPICON_NAME = AppIcon;
				ASSETCATALOG_COMPILER_GLOBAL_ACCENT_COLOR_NAME = AccentColor;
				CODE_SIGN_STYLE = Automatic;
				DEVELOPMENT_ASSET_PATHS = "\"CanMonkey/Preview Content\"";
				DEVELOPMENT_TEAM = HR94DX457K;
				ENABLE_PREVIEWS = YES;
				INFOPLIST_FILE = CanMonkey/Info.plist;
				IPHONEOS_DEPLOYMENT_TARGET = 14.0;
				LD_RUNPATH_SEARCH_PATHS = (
					"$(inherited)",
					"@executable_path/Frameworks",
				);
				PRODUCT_BUNDLE_IDENTIFIER = com.bdksoftwaredevelopement.CanMonkey;
				PRODUCT_NAME = "$(TARGET_NAME)";
				SWIFT_VERSION = 5.0;
				TARGETED_DEVICE_FAMILY = "1,2";
			};
			name = Debug;
		};
		F6FEF9B0259E46D8008A8E07 /* Release */ = {
			isa = XCBuildConfiguration;
			baseConfigurationReference = DD94756FDA9CAE0AAD166050 /* Pods-CanMonkey.release.xcconfig */;
			buildSettings = {
				ASSETCATALOG_COMPILER_APPICON_NAME = AppIcon;
				ASSETCATALOG_COMPILER_GLOBAL_ACCENT_COLOR_NAME = AccentColor;
				CODE_SIGN_STYLE = Automatic;
				DEVELOPMENT_ASSET_PATHS = "\"CanMonkey/Preview Content\"";
				DEVELOPMENT_TEAM = HR94DX457K;
				ENABLE_PREVIEWS = YES;
				INFOPLIST_FILE = CanMonkey/Info.plist;
				IPHONEOS_DEPLOYMENT_TARGET = 14.0;
				LD_RUNPATH_SEARCH_PATHS = (
					"$(inherited)",
					"@executable_path/Frameworks",
				);
				PRODUCT_BUNDLE_IDENTIFIER = com.bdksoftwaredevelopement.CanMonkey;
				PRODUCT_NAME = "$(TARGET_NAME)";
				SWIFT_VERSION = 5.0;
				TARGETED_DEVICE_FAMILY = "1,2";
			};
			name = Release;
		};
/* End XCBuildConfiguration section */

/* Begin XCConfigurationList section */
		F6FEF992259E46D5008A8E07 /* Build configuration list for PBXProject "CanMonkey" */ = {
			isa = XCConfigurationList;
			buildConfigurations = (
				F6FEF9AC259E46D8008A8E07 /* Debug */,
				F6FEF9AD259E46D8008A8E07 /* Release */,
			);
			defaultConfigurationIsVisible = 0;
			defaultConfigurationName = Release;
		};
		F6FEF9AE259E46D8008A8E07 /* Build configuration list for PBXNativeTarget "CanMonkey" */ = {
			isa = XCConfigurationList;
			buildConfigurations = (
				F6FEF9AF259E46D8008A8E07 /* Debug */,
				F6FEF9B0259E46D8008A8E07 /* Release */,
			);
			defaultConfigurationIsVisible = 0;
			defaultConfigurationName = Release;
		};
/* End XCConfigurationList section */

/* Begin XCVersionGroup section */
		F6FEF9A0259E46D5008A8E07 /* CanMonkey.xcdatamodeld */ = {
			isa = XCVersionGroup;
			children = (
				F6FEF9A1259E46D5008A8E07 /* CanMonkey.xcdatamodel */,
			);
			currentVersion = F6FEF9A1259E46D5008A8E07 /* CanMonkey.xcdatamodel */;
			path = CanMonkey.xcdatamodeld;
			sourceTree = "<group>";
			versionGroupType = wrapper.xcdatamodel;
		};
/* End XCVersionGroup section */
	};
	rootObject = F6FEF98F259E46D5008A8E07 /* Project object */;
}
